// !$*UTF8*$!
{
	archiveVersion = 1;
	classes = {
	};
	objectVersion = 56;
	objects = {

/* Begin PBXBuildFile section */
		8426EF2E2C1056AE005A39AE /* HeaderView.swift in Sources */ = {isa = PBXBuildFile; fileRef = 8426EF2D2C1056AE005A39AE /* HeaderView.swift */; };
		8426EF322C1070D6005A39AE /* RatingView.swift in Sources */ = {isa = PBXBuildFile; fileRef = 8426EF312C1070D6005A39AE /* RatingView.swift */; };
		8426EF342C107349005A39AE /* VideoPlayerView.swift in Sources */ = {isa = PBXBuildFile; fileRef = 8426EF332C107349005A39AE /* VideoPlayerView.swift */; };
		8426EF502C109C6E005A39AE /* HistoryView.swift in Sources */ = {isa = PBXBuildFile; fileRef = 8426EF4F2C109C6E005A39AE /* HistoryView.swift */; };
		8426EF522C109E94005A39AE /* DateExtension.swift in Sources */ = {isa = PBXBuildFile; fileRef = 8426EF512C109E94005A39AE /* DateExtension.swift */; };
		8426EF542C10A258005A39AE /* HistoryStore.swift in Sources */ = {isa = PBXBuildFile; fileRef = 8426EF532C10A258005A39AE /* HistoryStore.swift */; };
		8426EF572C10A343005A39AE /* ImageExtension.swift in Sources */ = {isa = PBXBuildFile; fileRef = 8426EF562C10A343005A39AE /* ImageExtension.swift */; };
		8426EF592C10A435005A39AE /* Exercise.swift in Sources */ = {isa = PBXBuildFile; fileRef = 8426EF582C10A435005A39AE /* Exercise.swift */; };
		8426EF5C2C10B825005A39AE /* HistoryStoreDevData.swift in Sources */ = {isa = PBXBuildFile; fileRef = 8426EF5B2C10B825005A39AE /* HistoryStoreDevData.swift */; };
		8426EF5E2C10F62A005A39AE /* SuccessView.swift in Sources */ = {isa = PBXBuildFile; fileRef = 8426EF5D2C10F62A005A39AE /* SuccessView.swift */; };
		84A418032C0F41560004C6F1 /* HIITFitApp.swift in Sources */ = {isa = PBXBuildFile; fileRef = 84A418022C0F41560004C6F1 /* HIITFitApp.swift */; };
		84A418052C0F41560004C6F1 /* ContentView.swift in Sources */ = {isa = PBXBuildFile; fileRef = 84A418042C0F41560004C6F1 /* ContentView.swift */; };
		84A418072C0F41580004C6F1 /* Assets.xcassets in Resources */ = {isa = PBXBuildFile; fileRef = 84A418062C0F41580004C6F1 /* Assets.xcassets */; };
		84A4180A2C0F41580004C6F1 /* Preview Assets.xcassets in Resources */ = {isa = PBXBuildFile; fileRef = 84A418092C0F41580004C6F1 /* Preview Assets.xcassets */; };
		84A418112C0F52390004C6F1 /* WelcomeView.swift in Sources */ = {isa = PBXBuildFile; fileRef = 84A418102C0F52390004C6F1 /* WelcomeView.swift */; };
		84A418132C0F524B0004C6F1 /* ExerciseView.swift in Sources */ = {isa = PBXBuildFile; fileRef = 84A418122C0F524B0004C6F1 /* ExerciseView.swift */; };
		84A418192C0F54230004C6F1 /* sun-salute.mp4 in Resources */ = {isa = PBXBuildFile; fileRef = 84A418152C0F54220004C6F1 /* sun-salute.mp4 */; };
		84A4181A2C0F54230004C6F1 /* burpee.mp4 in Resources */ = {isa = PBXBuildFile; fileRef = 84A418162C0F54230004C6F1 /* burpee.mp4 */; };
		84A4181B2C0F54230004C6F1 /* squat.mp4 in Resources */ = {isa = PBXBuildFile; fileRef = 84A418172C0F54230004C6F1 /* squat.mp4 */; };
		84A4181C2C0F54230004C6F1 /* step-up.mp4 in Resources */ = {isa = PBXBuildFile; fileRef = 84A418182C0F54230004C6F1 /* step-up.mp4 */; };
/* End PBXBuildFile section */

/* Begin PBXFileReference section */
		8426EF2D2C1056AE005A39AE /* HeaderView.swift */ = {isa = PBXFileReference; lastKnownFileType = sourcecode.swift; path = HeaderView.swift; sourceTree = "<group>"; };
		8426EF312C1070D6005A39AE /* RatingView.swift */ = {isa = PBXFileReference; lastKnownFileType = sourcecode.swift; path = RatingView.swift; sourceTree = "<group>"; };
		8426EF332C107349005A39AE /* VideoPlayerView.swift */ = {isa = PBXFileReference; lastKnownFileType = sourcecode.swift; path = VideoPlayerView.swift; sourceTree = "<group>"; };
		8426EF4F2C109C6E005A39AE /* HistoryView.swift */ = {isa = PBXFileReference; lastKnownFileType = sourcecode.swift; path = HistoryView.swift; sourceTree = "<group>"; };
		8426EF512C109E94005A39AE /* DateExtension.swift */ = {isa = PBXFileReference; lastKnownFileType = sourcecode.swift; path = DateExtension.swift; sourceTree = "<group>"; };
		8426EF532C10A258005A39AE /* HistoryStore.swift */ = {isa = PBXFileReference; lastKnownFileType = sourcecode.swift; path = HistoryStore.swift; sourceTree = "<group>"; };
		8426EF562C10A343005A39AE /* ImageExtension.swift */ = {isa = PBXFileReference; lastKnownFileType = sourcecode.swift; path = ImageExtension.swift; sourceTree = "<group>"; };
		8426EF582C10A435005A39AE /* Exercise.swift */ = {isa = PBXFileReference; lastKnownFileType = sourcecode.swift; path = Exercise.swift; sourceTree = "<group>"; };
		8426EF5B2C10B825005A39AE /* HistoryStoreDevData.swift */ = {isa = PBXFileReference; lastKnownFileType = sourcecode.swift; path = HistoryStoreDevData.swift; sourceTree = "<group>"; };
		8426EF5D2C10F62A005A39AE /* SuccessView.swift */ = {isa = PBXFileReference; lastKnownFileType = sourcecode.swift; path = SuccessView.swift; sourceTree = "<group>"; };
		84A417FF2C0F41560004C6F1 /* HIITFit.app */ = {isa = PBXFileReference; explicitFileType = wrapper.application; includeInIndex = 0; path = HIITFit.app; sourceTree = BUILT_PRODUCTS_DIR; };
		84A418022C0F41560004C6F1 /* HIITFitApp.swift */ = {isa = PBXFileReference; lastKnownFileType = sourcecode.swift; path = HIITFitApp.swift; sourceTree = "<group>"; };
		84A418042C0F41560004C6F1 /* ContentView.swift */ = {isa = PBXFileReference; lastKnownFileType = sourcecode.swift; path = ContentView.swift; sourceTree = "<group>"; };
		84A418062C0F41580004C6F1 /* Assets.xcassets */ = {isa = PBXFileReference; lastKnownFileType = folder.assetcatalog; path = Assets.xcassets; sourceTree = "<group>"; };
		84A418092C0F41580004C6F1 /* Preview Assets.xcassets */ = {isa = PBXFileReference; lastKnownFileType = folder.assetcatalog; path = "Preview Assets.xcassets"; sourceTree = "<group>"; };
		84A418102C0F52390004C6F1 /* WelcomeView.swift */ = {isa = PBXFileReference; lastKnownFileType = sourcecode.swift; path = WelcomeView.swift; sourceTree = "<group>"; };
		84A418122C0F524B0004C6F1 /* ExerciseView.swift */ = {isa = PBXFileReference; lastKnownFileType = sourcecode.swift; path = ExerciseView.swift; sourceTree = "<group>"; };
		84A418152C0F54220004C6F1 /* sun-salute.mp4 */ = {isa = PBXFileReference; lastKnownFileType = file; path = "sun-salute.mp4"; sourceTree = "<group>"; };
		84A418162C0F54230004C6F1 /* burpee.mp4 */ = {isa = PBXFileReference; lastKnownFileType = file; path = burpee.mp4; sourceTree = "<group>"; };
		84A418172C0F54230004C6F1 /* squat.mp4 */ = {isa = PBXFileReference; lastKnownFileType = file; path = squat.mp4; sourceTree = "<group>"; };
		84A418182C0F54230004C6F1 /* step-up.mp4 */ = {isa = PBXFileReference; lastKnownFileType = file; path = "step-up.mp4"; sourceTree = "<group>"; };
/* End PBXFileReference section */

/* Begin PBXFrameworksBuildPhase section */
		84A417FC2C0F41560004C6F1 /* Frameworks */ = {
			isa = PBXFrameworksBuildPhase;
			buildActionMask = 2147483647;
			files = (
			);
			runOnlyForDeploymentPostprocessing = 0;
		};
/* End PBXFrameworksBuildPhase section */

/* Begin PBXGroup section */
		8426EF552C10A273005A39AE /* Model */ = {
			isa = PBXGroup;
			children = (
				8426EF532C10A258005A39AE /* HistoryStore.swift */,
				8426EF582C10A435005A39AE /* Exercise.swift */,
			);
			path = Model;
			sourceTree = "<group>";
		};
		8426EF5A2C10B7D0005A39AE /* Videos */ = {
			isa = PBXGroup;
			children = (
				84A418162C0F54230004C6F1 /* burpee.mp4 */,
				84A418172C0F54230004C6F1 /* squat.mp4 */,
				84A418182C0F54230004C6F1 /* step-up.mp4 */,
				84A418152C0F54220004C6F1 /* sun-salute.mp4 */,
			);
			path = Videos;
			sourceTree = "<group>";
		};
		84A417F62C0F41560004C6F1 = {
			isa = PBXGroup;
			children = (
				84A418012C0F41560004C6F1 /* HIITFit */,
				84A418002C0F41560004C6F1 /* Products */,
			);
			sourceTree = "<group>";
		};
		84A418002C0F41560004C6F1 /* Products */ = {
			isa = PBXGroup;
			children = (
				84A417FF2C0F41560004C6F1 /* HIITFit.app */,
			);
			name = Products;
			sourceTree = "<group>";
		};
		84A418012C0F41560004C6F1 /* HIITFit */ = {
			isa = PBXGroup;
			children = (
				84A418022C0F41560004C6F1 /* HIITFitApp.swift */,
				8426EF552C10A273005A39AE /* Model */,
				8426EF512C109E94005A39AE /* DateExtension.swift */,
				8426EF562C10A343005A39AE /* ImageExtension.swift */,
				84A418142C0F526F0004C6F1 /* Views */,
				84A418062C0F41580004C6F1 /* Assets.xcassets */,
				8426EF5A2C10B7D0005A39AE /* Videos */,
				84A418082C0F41580004C6F1 /* Preview Content */,
			);
			path = HIITFit;
			sourceTree = "<group>";
		};
		84A418082C0F41580004C6F1 /* Preview Content */ = {
			isa = PBXGroup;
			children = (
				8426EF5B2C10B825005A39AE /* HistoryStoreDevData.swift */,
				84A418092C0F41580004C6F1 /* Preview Assets.xcassets */,
			);
			path = "Preview Content";
			sourceTree = "<group>";
		};
		84A418142C0F526F0004C6F1 /* Views */ = {
			isa = PBXGroup;
			children = (
				84A418042C0F41560004C6F1 /* ContentView.swift */,
				84A418102C0F52390004C6F1 /* WelcomeView.swift */,
				84A418122C0F524B0004C6F1 /* ExerciseView.swift */,
				8426EF332C107349005A39AE /* VideoPlayerView.swift */,
				8426EF5D2C10F62A005A39AE /* SuccessView.swift */,
				8426EF312C1070D6005A39AE /* RatingView.swift */,
				8426EF2D2C1056AE005A39AE /* HeaderView.swift */,
				8426EF4F2C109C6E005A39AE /* HistoryView.swift */,
			);
			path = Views;
			sourceTree = "<group>";
		};
/* End PBXGroup section */

/* Begin PBXNativeTarget section */
		84A417FE2C0F41560004C6F1 /* HIITFit */ = {
			isa = PBXNativeTarget;
			buildConfigurationList = 84A4180D2C0F41580004C6F1 /* Build configuration list for PBXNativeTarget "HIITFit" */;
			buildPhases = (
				84A417FB2C0F41560004C6F1 /* Sources */,
				84A417FC2C0F41560004C6F1 /* Frameworks */,
				84A417FD2C0F41560004C6F1 /* Resources */,
			);
			buildRules = (
			);
			dependencies = (
			);
			name = HIITFit;
			productName = HIITFit;
			productReference = 84A417FF2C0F41560004C6F1 /* HIITFit.app */;
			productType = "com.apple.product-type.application";
		};
/* End PBXNativeTarget section */

/* Begin PBXProject section */
		84A417F72C0F41560004C6F1 /* Project object */ = {
			isa = PBXProject;
			attributes = {
				BuildIndependentTargetsInParallel = 1;
				LastSwiftUpdateCheck = 1540;
				LastUpgradeCheck = 1540;
				TargetAttributes = {
					84A417FE2C0F41560004C6F1 = {
						CreatedOnToolsVersion = 15.4;
					};
				};
			};
			buildConfigurationList = 84A417FA2C0F41560004C6F1 /* Build configuration list for PBXProject "HIITFit" */;
			compatibilityVersion = "Xcode 14.0";
			developmentRegion = en;
			hasScannedForEncodings = 0;
			knownRegions = (
				en,
				Base,
			);
			mainGroup = 84A417F62C0F41560004C6F1;
			productRefGroup = 84A418002C0F41560004C6F1 /* Products */;
			projectDirPath = "";
			projectRoot = "";
			targets = (
				84A417FE2C0F41560004C6F1 /* HIITFit */,
			);
		};
/* End PBXProject section */

/* Begin PBXResourcesBuildPhase section */
		84A417FD2C0F41560004C6F1 /* Resources */ = {
			isa = PBXResourcesBuildPhase;
			buildActionMask = 2147483647;
			files = (
				84A4181B2C0F54230004C6F1 /* squat.mp4 in Resources */,
				84A4181A2C0F54230004C6F1 /* burpee.mp4 in Resources */,
				84A4181C2C0F54230004C6F1 /* step-up.mp4 in Resources */,
				84A4180A2C0F41580004C6F1 /* Preview Assets.xcassets in Resources */,
				84A418192C0F54230004C6F1 /* sun-salute.mp4 in Resources */,
				84A418072C0F41580004C6F1 /* Assets.xcassets in Resources */,
			);
			runOnlyForDeploymentPostprocessing = 0;
		};
/* End PBXResourcesBuildPhase section */

/* Begin PBXSourcesBuildPhase section */
		84A417FB2C0F41560004C6F1 /* Sources */ = {
			isa = PBXSourcesBuildPhase;
			buildActionMask = 2147483647;
			files = (
				8426EF2E2C1056AE005A39AE /* HeaderView.swift in Sources */,
				8426EF522C109E94005A39AE /* DateExtension.swift in Sources */,
				84A418132C0F524B0004C6F1 /* ExerciseView.swift in Sources */,
				8426EF542C10A258005A39AE /* HistoryStore.swift in Sources */,
				84A418052C0F41560004C6F1 /* ContentView.swift in Sources */,
				8426EF5C2C10B825005A39AE /* HistoryStoreDevData.swift in Sources */,
				8426EF5E2C10F62A005A39AE /* SuccessView.swift in Sources */,
				8426EF592C10A435005A39AE /* Exercise.swift in Sources */,
				84A418112C0F52390004C6F1 /* WelcomeView.swift in Sources */,
				84A418032C0F41560004C6F1 /* HIITFitApp.swift in Sources */,
				8426EF572C10A343005A39AE /* ImageExtension.swift in Sources */,
				8426EF322C1070D6005A39AE /* RatingView.swift in Sources */,
				8426EF502C109C6E005A39AE /* HistoryView.swift in Sources */,
				8426EF342C107349005A39AE /* VideoPlayerView.swift in Sources */,
			);
			runOnlyForDeploymentPostprocessing = 0;
		};
/* End PBXSourcesBuildPhase section */

/* Begin XCBuildConfiguration section */
		84A4180B2C0F41580004C6F1 /* Debug */ = {
			isa = XCBuildConfiguration;
			buildSettings = {
				ALWAYS_SEARCH_USER_PATHS = NO;
				ASSETCATALOG_COMPILER_GENERATE_SWIFT_ASSET_SYMBOL_EXTENSIONS = YES;
				CLANG_ANALYZER_NONNULL = YES;
				CLANG_ANALYZER_NUMBER_OBJECT_CONVERSION = YES_AGGRESSIVE;
				CLANG_CXX_LANGUAGE_STANDARD = "gnu++20";
				CLANG_ENABLE_MODULES = YES;
				CLANG_ENABLE_OBJC_ARC = YES;
				CLANG_ENABLE_OBJC_WEAK = YES;
				CLANG_WARN_BLOCK_CAPTURE_AUTORELEASING = YES;
				CLANG_WARN_BOOL_CONVERSION = YES;
				CLANG_WARN_COMMA = YES;
				CLANG_WARN_CONSTANT_CONVERSION = YES;
				CLANG_WARN_DEPRECATED_OBJC_IMPLEMENTATIONS = YES;
				CLANG_WARN_DIRECT_OBJC_ISA_USAGE = YES_ERROR;
				CLANG_WARN_DOCUMENTATION_COMMENTS = YES;
				CLANG_WARN_EMPTY_BODY = YES;
				CLANG_WARN_ENUM_CONVERSION = YES;
				CLANG_WARN_INFINITE_RECURSION = YES;
				CLANG_WARN_INT_CONVERSION = YES;
				CLANG_WARN_NON_LITERAL_NULL_CONVERSION = YES;
				CLANG_WARN_OBJC_IMPLICIT_RETAIN_SELF = YES;
				CLANG_WARN_OBJC_LITERAL_CONVERSION = YES;
				CLANG_WARN_OBJC_ROOT_CLASS = YES_ERROR;
				CLANG_WARN_QUOTED_INCLUDE_IN_FRAMEWORK_HEADER = YES;
				CLANG_WARN_RANGE_LOOP_ANALYSIS = YES;
				CLANG_WARN_STRICT_PROTOTYPES = YES;
				CLANG_WARN_SUSPICIOUS_MOVE = YES;
				CLANG_WARN_UNGUARDED_AVAILABILITY = YES_AGGRESSIVE;
				CLANG_WARN_UNREACHABLE_CODE = YES;
				CLANG_WARN__DUPLICATE_METHOD_MATCH = YES;
				COPY_PHASE_STRIP = NO;
				DEBUG_INFORMATION_FORMAT = dwarf;
				ENABLE_STRICT_OBJC_MSGSEND = YES;
				ENABLE_TESTABILITY = YES;
				ENABLE_USER_SCRIPT_SANDBOXING = YES;
				GCC_C_LANGUAGE_STANDARD = gnu17;
				GCC_DYNAMIC_NO_PIC = NO;
				GCC_NO_COMMON_BLOCKS = YES;
				GCC_OPTIMIZATION_LEVEL = 0;
				GCC_PREPROCESSOR_DEFINITIONS = (
					"DEBUG=1",
					"$(inherited)",
				);
				GCC_WARN_64_TO_32_BIT_CONVERSION = YES;
				GCC_WARN_ABOUT_RETURN_TYPE = YES_ERROR;
				GCC_WARN_UNDECLARED_SELECTOR = YES;
				GCC_WARN_UNINITIALIZED_AUTOS = YES_AGGRESSIVE;
				GCC_WARN_UNUSED_FUNCTION = YES;
				GCC_WARN_UNUSED_VARIABLE = YES;
				IPHONEOS_DEPLOYMENT_TARGET = 17.5;
				LOCALIZATION_PREFERS_STRING_CATALOGS = YES;
				MTL_ENABLE_DEBUG_INFO = INCLUDE_SOURCE;
				MTL_FAST_MATH = YES;
				ONLY_ACTIVE_ARCH = YES;
				SDKROOT = iphoneos;
				SWIFT_ACTIVE_COMPILATION_CONDITIONS = "DEBUG $(inherited)";
				SWIFT_OPTIMIZATION_LEVEL = "-Onone";
			};
			name = Debug;
		};
		84A4180C2C0F41580004C6F1 /* Release */ = {
			isa = XCBuildConfiguration;
			buildSettings = {
				ALWAYS_SEARCH_USER_PATHS = NO;
				ASSETCATALOG_COMPILER_GENERATE_SWIFT_ASSET_SYMBOL_EXTENSIONS = YES;
				CLANG_ANALYZER_NONNULL = YES;
				CLANG_ANALYZER_NUMBER_OBJECT_CONVERSION = YES_AGGRESSIVE;
				CLANG_CXX_LANGUAGE_STANDARD = "gnu++20";
				CLANG_ENABLE_MODULES = YES;
				CLANG_ENABLE_OBJC_ARC = YES;
				CLANG_ENABLE_OBJC_WEAK = YES;
				CLANG_WARN_BLOCK_CAPTURE_AUTORELEASING = YES;
				CLANG_WARN_BOOL_CONVERSION = YES;
				CLANG_WARN_COMMA = YES;
				CLANG_WARN_CONSTANT_CONVERSION = YES;
				CLANG_WARN_DEPRECATED_OBJC_IMPLEMENTATIONS = YES;
				CLANG_WARN_DIRECT_OBJC_ISA_USAGE = YES_ERROR;
				CLANG_WARN_DOCUMENTATION_COMMENTS = YES;
				CLANG_WARN_EMPTY_BODY = YES;
				CLANG_WARN_ENUM_CONVERSION = YES;
				CLANG_WARN_INFINITE_RECURSION = YES;
				CLANG_WARN_INT_CONVERSION = YES;
				CLANG_WARN_NON_LITERAL_NULL_CONVERSION = YES;
				CLANG_WARN_OBJC_IMPLICIT_RETAIN_SELF = YES;
				CLANG_WARN_OBJC_LITERAL_CONVERSION = YES;
				CLANG_WARN_OBJC_ROOT_CLASS = YES_ERROR;
				CLANG_WARN_QUOTED_INCLUDE_IN_FRAMEWORK_HEADER = YES;
				CLANG_WARN_RANGE_LOOP_ANALYSIS = YES;
				CLANG_WARN_STRICT_PROTOTYPES = YES;
				CLANG_WARN_SUSPICIOUS_MOVE = YES;
				CLANG_WARN_UNGUARDED_AVAILABILITY = YES_AGGRESSIVE;
				CLANG_WARN_UNREACHABLE_CODE = YES;
				CLANG_WARN__DUPLICATE_METHOD_MATCH = YES;
				COPY_PHASE_STRIP = NO;
				DEBUG_INFORMATION_FORMAT = "dwarf-with-dsym";
				ENABLE_NS_ASSERTIONS = NO;
				ENABLE_STRICT_OBJC_MSGSEND = YES;
				ENABLE_USER_SCRIPT_SANDBOXING = YES;
				GCC_C_LANGUAGE_STANDARD = gnu17;
				GCC_NO_COMMON_BLOCKS = YES;
				GCC_WARN_64_TO_32_BIT_CONVERSION = YES;
				GCC_WARN_ABOUT_RETURN_TYPE = YES_ERROR;
				GCC_WARN_UNDECLARED_SELECTOR = YES;
				GCC_WARN_UNINITIALIZED_AUTOS = YES_AGGRESSIVE;
				GCC_WARN_UNUSED_FUNCTION = YES;
				GCC_WARN_UNUSED_VARIABLE = YES;
				IPHONEOS_DEPLOYMENT_TARGET = 17.5;
				LOCALIZATION_PREFERS_STRING_CATALOGS = YES;
				MTL_ENABLE_DEBUG_INFO = NO;
				MTL_FAST_MATH = YES;
				SDKROOT = iphoneos;
				SWIFT_COMPILATION_MODE = wholemodule;
				VALIDATE_PRODUCT = YES;
			};
			name = Release;
		};
		84A4180E2C0F41580004C6F1 /* Debug */ = {
			isa = XCBuildConfiguration;
			buildSettings = {
				ASSETCATALOG_COMPILER_APPICON_NAME = AppIcon;
				ASSETCATALOG_COMPILER_GLOBAL_ACCENT_COLOR_NAME = AccentColor;
				CODE_SIGN_STYLE = Automatic;
				CURRENT_PROJECT_VERSION = 1;
				DEVELOPMENT_ASSET_PATHS = "\"HIITFit/Preview Content\"";
				DEVELOPMENT_TEAM = GM5NV7TY3F;
				ENABLE_PREVIEWS = YES;
				GENERATE_INFOPLIST_FILE = YES;
				INFOPLIST_KEY_UIApplicationSceneManifest_Generation = YES;
				INFOPLIST_KEY_UIApplicationSupportsIndirectInputEvents = YES;
				INFOPLIST_KEY_UILaunchScreen_Generation = YES;
				INFOPLIST_KEY_UISupportedInterfaceOrientations_iPad = "UIInterfaceOrientationPortrait UIInterfaceOrientationPortraitUpsideDown UIInterfaceOrientationLandscapeLeft UIInterfaceOrientationLandscapeRight";
				INFOPLIST_KEY_UISupportedInterfaceOrientations_iPhone = "UIInterfaceOrientationPortrait UIInterfaceOrientationLandscapeLeft UIInterfaceOrientationLandscapeRight";
				LD_RUNPATH_SEARCH_PATHS = (
					"$(inherited)",
					"@executable_path/Frameworks",
				);
				MARKETING_VERSION = 1.0;
				PRODUCT_BUNDLE_IDENTIFIER = org.roman.HIITFit;
				PRODUCT_NAME = "$(TARGET_NAME)";
				SWIFT_EMIT_LOC_STRINGS = YES;
				SWIFT_VERSION = 5.0;
				TARGETED_DEVICE_FAMILY = "1,2";
			};
			name = Debug;
		};
		84A4180F2C0F41580004C6F1 /* Release */ = {
			isa = XCBuildConfiguration;
			buildSettings = {
				ASSETCATALOG_COMPILER_APPICON_NAME = AppIcon;
				ASSETCATALOG_COMPILER_GLOBAL_ACCENT_COLOR_NAME = AccentColor;
				CODE_SIGN_STYLE = Automatic;
				CURRENT_PROJECT_VERSION = 1;
				DEVELOPMENT_ASSET_PATHS = "\"HIITFit/Preview Content\"";
				DEVELOPMENT_TEAM = GM5NV7TY3F;
				ENABLE_PREVIEWS = YES;
				GENERATE_INFOPLIST_FILE = YES;
				INFOPLIST_KEY_UIApplicationSceneManifest_Generation = YES;
				INFOPLIST_KEY_UIApplicationSupportsIndirectInputEvents = YES;
				INFOPLIST_KEY_UILaunchScreen_Generation = YES;
				INFOPLIST_KEY_UISupportedInterfaceOrientations_iPad = "UIInterfaceOrientationPortrait UIInterfaceOrientationPortraitUpsideDown UIInterfaceOrientationLandscapeLeft UIInterfaceOrientationLandscapeRight";
				INFOPLIST_KEY_UISupportedInterfaceOrientations_iPhone = "UIInterfaceOrientationPortrait UIInterfaceOrientationLandscapeLeft UIInterfaceOrientationLandscapeRight";
				LD_RUNPATH_SEARCH_PATHS = (
					"$(inherited)",
					"@executable_path/Frameworks",
				);
				MARKETING_VERSION = 1.0;
				PRODUCT_BUNDLE_IDENTIFIER = org.roman.HIITFit;
				PRODUCT_NAME = "$(TARGET_NAME)";
				SWIFT_EMIT_LOC_STRINGS = YES;
				SWIFT_VERSION = 5.0;
				TARGETED_DEVICE_FAMILY = "1,2";
			};
			name = Release;
		};
/* End XCBuildConfiguration section */

/* Begin XCConfigurationList section */
		84A417FA2C0F41560004C6F1 /* Build configuration list for PBXProject "HIITFit" */ = {
			isa = XCConfigurationList;
			buildConfigurations = (
				84A4180B2C0F41580004C6F1 /* Debug */,
				84A4180C2C0F41580004C6F1 /* Release */,
			);
			defaultConfigurationIsVisible = 0;
			defaultConfigurationName = Release;
		};
		84A4180D2C0F41580004C6F1 /* Build configuration list for PBXNativeTarget "HIITFit" */ = {
			isa = XCConfigurationList;
			buildConfigurations = (
				84A4180E2C0F41580004C6F1 /* Debug */,
				84A4180F2C0F41580004C6F1 /* Release */,
			);
			defaultConfigurationIsVisible = 0;
			defaultConfigurationName = Release;
		};
/* End XCConfigurationList section */
	};
	rootObject = 84A417F72C0F41560004C6F1 /* Project object */;
}
